{
  "name": "ANBD",
  "lockfileVersion": 2,
  "requires": true,
  "packages": {
    "": {
      "devDependencies": {
        "material-design-icons": "^3.0.1",
        "materialize-css": "^1.0.0-rc.2"
      }
    },
    "node_modules/material-design-icons": {
      "version": "3.0.1",
      "resolved": "https://registry.npmjs.org/material-design-icons/-/material-design-icons-3.0.1.tgz",
      "integrity": "sha512-t19Z+QZBwSZulxptEu05kIm+UyfIdJY1JDwI+nx02j269m6W414whiQz9qfvQIiLrdx71RQv+T48nHhuQXOCIQ==",
      "dev": true
    },
    "node_modules/materialize-css": {
      "version": "1.0.0-rc.2",
      "resolved": "https://registry.npmjs.org/materialize-css/-/materialize-css-1.0.0-rc.2.tgz",
      "integrity": "sha512-FuQmSyq4Qv0ov7A2qXw0E6/jbQzSWx2P1pg2/XQDYTkkSc/GyiFAxu3fw9zgShwuTvyumEiw5jkxQWT9siqMBQ==",
      "dev": true
    }
  },
  "dependencies": {
    "material-design-icons": {
      "version": "3.0.1",
      "resolved": "https://registry.npmjs.org/material-design-icons/-/material-design-icons-3.0.1.tgz",
      "integrity": "sha512-t19Z+QZBwSZulxptEu05kIm+UyfIdJY1JDwI+nx02j269m6W414whiQz9qfvQIiLrdx71RQv+T48nHhuQXOCIQ==",
      "dev": true
    },
    "materialize-css": {
      "version": "1.0.0-rc.2",
      "resolved": "https://registry.npmjs.org/materialize-css/-/materialize-css-1.0.0-rc.2.tgz",
      "integrity": "sha512-FuQmSyq4Qv0ov7A2qXw0E6/jbQzSWx2P1pg2/XQDYTkkSc/GyiFAxu3fw9zgShwuTvyumEiw5jkxQWT9siqMBQ==",
      "dev": true
    }
  }
}
